
Microsoft Visual Studio Solution File, Format Version 12.00
# Visual Studio Version 17
VisualStudioVersion = 17.9.34622.214
MinimumVisualStudioVersion = 10.0.40219.1
Project("{FAE04EC0-301F-11D3-BF4B-00C04F79EFBC}") = "ShopMvcApp_PV212", "ShopMvcApp_PV212\ShopMvcApp_PV212.csproj", "{A3EB7B99-E05A-42EE-8C0D-00E0A9138F32}"
EndProject
Global
	GlobalSection(SolutionConfigurationPlatforms) = preSolution
		Debug|Any CPU = Debug|Any CPU
		Release|Any CPU = Release|Any CPU
	EndGlobalSection
	GlobalSection(ProjectConfigurationPlatforms) = postSolution
		{A3EB7B99-E05A-42EE-8C0D-00E0A9138F32}.Debug|Any CPU.ActiveCfg = Debug|Any CPU
		{A3EB7B99-E05A-42EE-8C0D-00E0A9138F32}.Debug|Any CPU.Build.0 = Debug|Any CPU
		{A3EB7B99-E05A-42EE-8C0D-00E0A9138F32}.Release|Any CPU.ActiveCfg = Release|Any CPU
		{A3EB7B99-E05A-42EE-8C0D-00E0A9138F32}.Release|Any CPU.Build.0 = Release|Any CPU
	EndGlobalSection
	GlobalSection(SolutionProperties) = preSolution
		HideSolutionNode = FALSE
	EndGlobalSection
	GlobalSection(ExtensibilityGlobals) = postSolution
		SolutionGuid = {CC51C6CB-2192-44B2-9C42-AA36F831C1DA}
	EndGlobalSection
EndGlobal
